// !$*UTF8*$!
{
	archiveVersion = 1;
	classes = {
	};
	objectVersion = 48;
	objects = {

/* Begin PBXBuildFile section */
		D15309202061CBA90055C576 /* AppDelegate.swift in Sources */ = {isa = PBXBuildFile; fileRef = D153091F2061CBA90055C576 /* AppDelegate.swift */; };
		D15309222061CBA90055C576 /* CalculatorViewController.swift in Sources */ = {isa = PBXBuildFile; fileRef = D15309212061CBA90055C576 /* CalculatorViewController.swift */; };
		D15309252061CBA90055C576 /* Main.storyboard in Resources */ = {isa = PBXBuildFile; fileRef = D15309232061CBA90055C576 /* Main.storyboard */; };
		D15309272061CBA90055C576 /* Assets.xcassets in Resources */ = {isa = PBXBuildFile; fileRef = D15309262061CBA90055C576 /* Assets.xcassets */; };
		D153092A2061CBA90055C576 /* LaunchScreen.storyboard in Resources */ = {isa = PBXBuildFile; fileRef = D15309282061CBA90055C576 /* LaunchScreen.storyboard */; };
		D15309352061CBA90055C576 /* CalcGraphyTests.swift in Sources */ = {isa = PBXBuildFile; fileRef = D15309342061CBA90055C576 /* CalcGraphyTests.swift */; };
		D15309402061CBA90055C576 /* CalcGraphyUITests.swift in Sources */ = {isa = PBXBuildFile; fileRef = D153093F2061CBA90055C576 /* CalcGraphyUITests.swift */; };
		D153094E2061CBE10055C576 /* CalculatorBrain.swift in Sources */ = {isa = PBXBuildFile; fileRef = D153094D2061CBE00055C576 /* CalculatorBrain.swift */; };
		D15309502061D3560055C576 /* GraphViewController.swift in Sources */ = {isa = PBXBuildFile; fileRef = D153094F2061D3560055C576 /* GraphViewController.swift */; };
		D15309522061D4350055C576 /* AxesDrawer.swift in Sources */ = {isa = PBXBuildFile; fileRef = D15309512061D4340055C576 /* AxesDrawer.swift */; };
		D1A5A65A206AF04C007810F6 /* GraphView.swift in Sources */ = {isa = PBXBuildFile; fileRef = D1A5A659206AF04C007810F6 /* GraphView.swift */; };
		D1A5A65C206B0780007810F6 /* RootSplitViewController.swift in Sources */ = {isa = PBXBuildFile; fileRef = D1A5A65B206B0780007810F6 /* RootSplitViewController.swift */; };
/* End PBXBuildFile section */

/* Begin PBXContainerItemProxy section */
		D15309312061CBA90055C576 /* PBXContainerItemProxy */ = {
			isa = PBXContainerItemProxy;
			containerPortal = D15309142061CBA90055C576 /* Project object */;
			proxyType = 1;
			remoteGlobalIDString = D153091B2061CBA90055C576;
			remoteInfo = CalcGraphy;
		};
		D153093C2061CBA90055C576 /* PBXContainerItemProxy */ = {
			isa = PBXContainerItemProxy;
			containerPortal = D15309142061CBA90055C576 /* Project object */;
			proxyType = 1;
			remoteGlobalIDString = D153091B2061CBA90055C576;
			remoteInfo = CalcGraphy;
		};
/* End PBXContainerItemProxy section */

/* Begin PBXFileReference section */
		D153091C2061CBA90055C576 /* CalcGraphy.app */ = {isa = PBXFileReference; explicitFileType = wrapper.application; includeInIndex = 0; path = CalcGraphy.app; sourceTree = BUILT_PRODUCTS_DIR; };
		D153091F2061CBA90055C576 /* AppDelegate.swift */ = {isa = PBXFileReference; lastKnownFileType = sourcecode.swift; path = AppDelegate.swift; sourceTree = "<group>"; };
		D15309212061CBA90055C576 /* CalculatorViewController.swift */ = {isa = PBXFileReference; lastKnownFileType = sourcecode.swift; path = CalculatorViewController.swift; sourceTree = "<group>"; };
		D15309242061CBA90055C576 /* Base */ = {isa = PBXFileReference; lastKnownFileType = file.storyboard; name = Base; path = Base.lproj/Main.storyboard; sourceTree = "<group>"; };
		D15309262061CBA90055C576 /* Assets.xcassets */ = {isa = PBXFileReference; lastKnownFileType = folder.assetcatalog; path = Assets.xcassets; sourceTree = "<group>"; };
		D15309292061CBA90055C576 /* Base */ = {isa = PBXFileReference; lastKnownFileType = file.storyboard; name = Base; path = Base.lproj/LaunchScreen.storyboard; sourceTree = "<group>"; };
		D153092B2061CBA90055C576 /* Info.plist */ = {isa = PBXFileReference; lastKnownFileType = text.plist.xml; path = Info.plist; sourceTree = "<group>"; };
		D15309302061CBA90055C576 /* CalcGraphyTests.xctest */ = {isa = PBXFileReference; explicitFileType = wrapper.cfbundle; includeInIndex = 0; path = CalcGraphyTests.xctest; sourceTree = BUILT_PRODUCTS_DIR; };
		D15309342061CBA90055C576 /* CalcGraphyTests.swift */ = {isa = PBXFileReference; lastKnownFileType = sourcecode.swift; path = CalcGraphyTests.swift; sourceTree = "<group>"; };
		D15309362061CBA90055C576 /* Info.plist */ = {isa = PBXFileReference; lastKnownFileType = text.plist.xml; path = Info.plist; sourceTree = "<group>"; };
		D153093B2061CBA90055C576 /* CalcGraphyUITests.xctest */ = {isa = PBXFileReference; explicitFileType = wrapper.cfbundle; includeInIndex = 0; path = CalcGraphyUITests.xctest; sourceTree = BUILT_PRODUCTS_DIR; };
		D153093F2061CBA90055C576 /* CalcGraphyUITests.swift */ = {isa = PBXFileReference; lastKnownFileType = sourcecode.swift; path = CalcGraphyUITests.swift; sourceTree = "<group>"; };
		D15309412061CBA90055C576 /* Info.plist */ = {isa = PBXFileReference; lastKnownFileType = text.plist.xml; path = Info.plist; sourceTree = "<group>"; };
		D153094D2061CBE00055C576 /* CalculatorBrain.swift */ = {isa = PBXFileReference; fileEncoding = 4; lastKnownFileType = sourcecode.swift; name = CalculatorBrain.swift; path = ../../Calculadora/Calculadora/CalculatorBrain.swift; sourceTree = "<group>"; };
		D153094F2061D3560055C576 /* GraphViewController.swift */ = {isa = PBXFileReference; lastKnownFileType = sourcecode.swift; path = GraphViewController.swift; sourceTree = "<group>"; };
		D15309512061D4340055C576 /* AxesDrawer.swift */ = {isa = PBXFileReference; fileEncoding = 4; lastKnownFileType = sourcecode.swift; path = AxesDrawer.swift; sourceTree = "<group>"; };
		D1A5A659206AF04C007810F6 /* GraphView.swift */ = {isa = PBXFileReference; lastKnownFileType = sourcecode.swift; path = GraphView.swift; sourceTree = "<group>"; };
		D1A5A65B206B0780007810F6 /* RootSplitViewController.swift */ = {isa = PBXFileReference; lastKnownFileType = sourcecode.swift; path = RootSplitViewController.swift; sourceTree = "<group>"; };
/* End PBXFileReference section */

/* Begin PBXFrameworksBuildPhase section */
		D15309192061CBA90055C576 /* Frameworks */ = {
			isa = PBXFrameworksBuildPhase;
			buildActionMask = 2147483647;
			files = (
			);
			runOnlyForDeploymentPostprocessing = 0;
		};
		D153092D2061CBA90055C576 /* Frameworks */ = {
			isa = PBXFrameworksBuildPhase;
			buildActionMask = 2147483647;
			files = (
			);
			runOnlyForDeploymentPostprocessing = 0;
		};
		D15309382061CBA90055C576 /* Frameworks */ = {
			isa = PBXFrameworksBuildPhase;
			buildActionMask = 2147483647;
			files = (
			);
			runOnlyForDeploymentPostprocessing = 0;
		};
/* End PBXFrameworksBuildPhase section */

/* Begin PBXGroup section */
		D15309132061CBA90055C576 = {
			isa = PBXGroup;
			children = (
				D153091E2061CBA90055C576 /* CalcGraphy */,
				D15309332061CBA90055C576 /* CalcGraphyTests */,
				D153093E2061CBA90055C576 /* CalcGraphyUITests */,
				D153091D2061CBA90055C576 /* Products */,
			);
			sourceTree = "<group>";
		};
		D153091D2061CBA90055C576 /* Products */ = {
			isa = PBXGroup;
			children = (
				D153091C2061CBA90055C576 /* CalcGraphy.app */,
				D15309302061CBA90055C576 /* CalcGraphyTests.xctest */,
				D153093B2061CBA90055C576 /* CalcGraphyUITests.xctest */,
			);
			name = Products;
			sourceTree = "<group>";
		};
		D153091E2061CBA90055C576 /* CalcGraphy */ = {
			isa = PBXGroup;
			children = (
				D153091F2061CBA90055C576 /* AppDelegate.swift */,
				D1A5A65B206B0780007810F6 /* RootSplitViewController.swift */,
				D15309212061CBA90055C576 /* CalculatorViewController.swift */,
				D153094F2061D3560055C576 /* GraphViewController.swift */,
				D1A5A659206AF04C007810F6 /* GraphView.swift */,
				D153094D2061CBE00055C576 /* CalculatorBrain.swift */,
				D15309512061D4340055C576 /* AxesDrawer.swift */,
				D15309232061CBA90055C576 /* Main.storyboard */,
				D15309262061CBA90055C576 /* Assets.xcassets */,
				D15309282061CBA90055C576 /* LaunchScreen.storyboard */,
				D153092B2061CBA90055C576 /* Info.plist */,
			);
			path = CalcGraphy;
			sourceTree = "<group>";
		};
		D15309332061CBA90055C576 /* CalcGraphyTests */ = {
			isa = PBXGroup;
			children = (
				D15309342061CBA90055C576 /* CalcGraphyTests.swift */,
				D15309362061CBA90055C576 /* Info.plist */,
			);
			path = CalcGraphyTests;
			sourceTree = "<group>";
		};
		D153093E2061CBA90055C576 /* CalcGraphyUITests */ = {
			isa = PBXGroup;
			children = (
				D153093F2061CBA90055C576 /* CalcGraphyUITests.swift */,
				D15309412061CBA90055C576 /* Info.plist */,
			);
			path = CalcGraphyUITests;
			sourceTree = "<group>";
		};
/* End PBXGroup section */

/* Begin PBXNativeTarget section */
		D153091B2061CBA90055C576 /* CalcGraphy */ = {
			isa = PBXNativeTarget;
			buildConfigurationList = D15309442061CBA90055C576 /* Build configuration list for PBXNativeTarget "CalcGraphy" */;
			buildPhases = (
				D15309182061CBA90055C576 /* Sources */,
				D15309192061CBA90055C576 /* Frameworks */,
				D153091A2061CBA90055C576 /* Resources */,
			);
			buildRules = (
			);
			dependencies = (
			);
			name = CalcGraphy;
			productName = CalcGraphy;
			productReference = D153091C2061CBA90055C576 /* CalcGraphy.app */;
			productType = "com.apple.product-type.application";
		};
		D153092F2061CBA90055C576 /* CalcGraphyTests */ = {
			isa = PBXNativeTarget;
			buildConfigurationList = D15309472061CBA90055C576 /* Build configuration list for PBXNativeTarget "CalcGraphyTests" */;
			buildPhases = (
				D153092C2061CBA90055C576 /* Sources */,
				D153092D2061CBA90055C576 /* Frameworks */,
				D153092E2061CBA90055C576 /* Resources */,
			);
			buildRules = (
			);
			dependencies = (
				D15309322061CBA90055C576 /* PBXTargetDependency */,
			);
			name = CalcGraphyTests;
			productName = CalcGraphyTests;
			productReference = D15309302061CBA90055C576 /* CalcGraphyTests.xctest */;
			productType = "com.apple.product-type.bundle.unit-test";
		};
		D153093A2061CBA90055C576 /* CalcGraphyUITests */ = {
			isa = PBXNativeTarget;
			buildConfigurationList = D153094A2061CBA90055C576 /* Build configuration list for PBXNativeTarget "CalcGraphyUITests" */;
			buildPhases = (
				D15309372061CBA90055C576 /* Sources */,
				D15309382061CBA90055C576 /* Frameworks */,
				D15309392061CBA90055C576 /* Resources */,
			);
			buildRules = (
			);
			dependencies = (
				D153093D2061CBA90055C576 /* PBXTargetDependency */,
			);
			name = CalcGraphyUITests;
			productName = CalcGraphyUITests;
			productReference = D153093B2061CBA90055C576 /* CalcGraphyUITests.xctest */;
			productType = "com.apple.product-type.bundle.ui-testing";
		};
/* End PBXNativeTarget section */

/* Begin PBXProject section */
		D15309142061CBA90055C576 /* Project object */ = {
			isa = PBXProject;
			attributes = {
				LastSwiftUpdateCheck = 0920;
				LastUpgradeCheck = 0930;
				ORGANIZATIONNAME = "Augusto Reis";
				TargetAttributes = {
					D153091B2061CBA90055C576 = {
						CreatedOnToolsVersion = 9.2;
						ProvisioningStyle = Automatic;
					};
					D153092F2061CBA90055C576 = {
						CreatedOnToolsVersion = 9.2;
						ProvisioningStyle = Automatic;
						TestTargetID = D153091B2061CBA90055C576;
					};
					D153093A2061CBA90055C576 = {
						CreatedOnToolsVersion = 9.2;
						ProvisioningStyle = Automatic;
						TestTargetID = D153091B2061CBA90055C576;
					};
				};
			};
			buildConfigurationList = D15309172061CBA90055C576 /* Build configuration list for PBXProject "CalcGraphy" */;
			compatibilityVersion = "Xcode 8.0";
			developmentRegion = en;
			hasScannedForEncodings = 0;
			knownRegions = (
				en,
				Base,
			);
			mainGroup = D15309132061CBA90055C576;
			productRefGroup = D153091D2061CBA90055C576 /* Products */;
			projectDirPath = "";
			projectRoot = "";
			targets = (
				D153091B2061CBA90055C576 /* CalcGraphy */,
				D153092F2061CBA90055C576 /* CalcGraphyTests */,
				D153093A2061CBA90055C576 /* CalcGraphyUITests */,
			);
		};
/* End PBXProject section */

/* Begin PBXResourcesBuildPhase section */
		D153091A2061CBA90055C576 /* Resources */ = {
			isa = PBXResourcesBuildPhase;
			buildActionMask = 2147483647;
			files = (
				D153092A2061CBA90055C576 /* LaunchScreen.storyboard in Resources */,
				D15309272061CBA90055C576 /* Assets.xcassets in Resources */,
				D15309252061CBA90055C576 /* Main.storyboard in Resources */,
			);
			runOnlyForDeploymentPostprocessing = 0;
		};
		D153092E2061CBA90055C576 /* Resources */ = {
			isa = PBXResourcesBuildPhase;
			buildActionMask = 2147483647;
			files = (
			);
			runOnlyForDeploymentPostprocessing = 0;
		};
		D15309392061CBA90055C576 /* Resources */ = {
			isa = PBXResourcesBuildPhase;
			buildActionMask = 2147483647;
			files = (
			);
			runOnlyForDeploymentPostprocessing = 0;
		};
/* End PBXResourcesBuildPhase section */

/* Begin PBXSourcesBuildPhase section */
		D15309182061CBA90055C576 /* Sources */ = {
			isa = PBXSourcesBuildPhase;
			buildActionMask = 2147483647;
			files = (
				D153094E2061CBE10055C576 /* CalculatorBrain.swift in Sources */,
				D15309502061D3560055C576 /* GraphViewController.swift in Sources */,
				D15309522061D4350055C576 /* AxesDrawer.swift in Sources */,
				D15309222061CBA90055C576 /* CalculatorViewController.swift in Sources */,
				D15309202061CBA90055C576 /* AppDelegate.swift in Sources */,
				D1A5A65C206B0780007810F6 /* RootSplitViewController.swift in Sources */,
				D1A5A65A206AF04C007810F6 /* GraphView.swift in Sources */,
			);
			runOnlyForDeploymentPostprocessing = 0;
		};
		D153092C2061CBA90055C576 /* Sources */ = {
			isa = PBXSourcesBuildPhase;
			buildActionMask = 2147483647;
			files = (
				D15309352061CBA90055C576 /* CalcGraphyTests.swift in Sources */,
			);
			runOnlyForDeploymentPostprocessing = 0;
		};
		D15309372061CBA90055C576 /* Sources */ = {
			isa = PBXSourcesBuildPhase;
			buildActionMask = 2147483647;
			files = (
				D15309402061CBA90055C576 /* CalcGraphyUITests.swift in Sources */,
			);
			runOnlyForDeploymentPostprocessing = 0;
		};
/* End PBXSourcesBuildPhase section */

/* Begin PBXTargetDependency section */
		D15309322061CBA90055C576 /* PBXTargetDependency */ = {
			isa = PBXTargetDependency;
			target = D153091B2061CBA90055C576 /* CalcGraphy */;
			targetProxy = D15309312061CBA90055C576 /* PBXContainerItemProxy */;
		};
		D153093D2061CBA90055C576 /* PBXTargetDependency */ = {
			isa = PBXTargetDependency;
			target = D153091B2061CBA90055C576 /* CalcGraphy */;
			targetProxy = D153093C2061CBA90055C576 /* PBXContainerItemProxy */;
		};
/* End PBXTargetDependency section */

/* Begin PBXVariantGroup section */
		D15309232061CBA90055C576 /* Main.storyboard */ = {
			isa = PBXVariantGroup;
			children = (
				D15309242061CBA90055C576 /* Base */,
			);
			name = Main.storyboard;
			sourceTree = "<group>";
		};
		D15309282061CBA90055C576 /* LaunchScreen.storyboard */ = {
			isa = PBXVariantGroup;
			children = (
				D15309292061CBA90055C576 /* Base */,
			);
			name = LaunchScreen.storyboard;
			sourceTree = "<group>";
		};
/* End PBXVariantGroup section */

/* Begin XCBuildConfiguration section */
		D15309422061CBA90055C576 /* Debug */ = {
			isa = XCBuildConfiguration;
			buildSettings = {
				ALWAYS_SEARCH_USER_PATHS = NO;
				CLANG_ANALYZER_NONNULL = YES;
				CLANG_ANALYZER_NUMBER_OBJECT_CONVERSION = YES_AGGRESSIVE;
				CLANG_CXX_LANGUAGE_STANDARD = "gnu++14";
				CLANG_CXX_LIBRARY = "libc++";
				CLANG_ENABLE_MODULES = YES;
				CLANG_ENABLE_OBJC_ARC = YES;
				CLANG_WARN_BLOCK_CAPTURE_AUTORELEASING = YES;
				CLANG_WARN_BOOL_CONVERSION = YES;
				CLANG_WARN_COMMA = YES;
				CLANG_WARN_CONSTANT_CONVERSION = YES;
				CLANG_WARN_DEPRECATED_OBJC_IMPLEMENTATIONS = YES;
				CLANG_WARN_DIRECT_OBJC_ISA_USAGE = YES_ERROR;
				CLANG_WARN_DOCUMENTATION_COMMENTS = YES;
				CLANG_WARN_EMPTY_BODY = YES;
				CLANG_WARN_ENUM_CONVERSION = YES;
				CLANG_WARN_INFINITE_RECURSION = YES;
				CLANG_WARN_INT_CONVERSION = YES;
				CLANG_WARN_NON_LITERAL_NULL_CONVERSION = YES;
				CLANG_WARN_OBJC_IMPLICIT_RETAIN_SELF = YES;
				CLANG_WARN_OBJC_LITERAL_CONVERSION = YES;
				CLANG_WARN_OBJC_ROOT_CLASS = YES_ERROR;
				CLANG_WARN_RANGE_LOOP_ANALYSIS = YES;
				CLANG_WARN_STRICT_PROTOTYPES = YES;
				CLANG_WARN_SUSPICIOUS_MOVE = YES;
				CLANG_WARN_UNGUARDED_AVAILABILITY = YES_AGGRESSIVE;
				CLANG_WARN_UNREACHABLE_CODE = YES;
				CLANG_WARN__DUPLICATE_METHOD_MATCH = YES;
				CODE_SIGN_IDENTITY = "iPhone Developer";
				COPY_PHASE_STRIP = NO;
				DEBUG_INFORMATION_FORMAT = dwarf;
				ENABLE_STRICT_OBJC_MSGSEND = YES;
				ENABLE_TESTABILITY = YES;
				GCC_C_LANGUAGE_STANDARD = gnu11;
				GCC_DYNAMIC_NO_PIC = NO;
				GCC_NO_COMMON_BLOCKS = YES;
				GCC_OPTIMIZATION_LEVEL = 0;
				GCC_PREPROCESSOR_DEFINITIONS = (
					"DEBUG=1",
					"$(inherited)",
				);
				GCC_WARN_64_TO_32_BIT_CONVERSION = YES;
				GCC_WARN_ABOUT_RETURN_TYPE = YES_ERROR;
				GCC_WARN_UNDECLARED_SELECTOR = YES;
				GCC_WARN_UNINITIALIZED_AUTOS = YES_AGGRESSIVE;
				GCC_WARN_UNUSED_FUNCTION = YES;
				GCC_WARN_UNUSED_VARIABLE = YES;
				IPHONEOS_DEPLOYMENT_TARGET = 11.2;
				MTL_ENABLE_DEBUG_INFO = YES;
				ONLY_ACTIVE_ARCH = YES;
				SDKROOT = iphoneos;
				SWIFT_ACTIVE_COMPILATION_CONDITIONS = DEBUG;
				SWIFT_OPTIMIZATION_LEVEL = "-Onone";
			};
			name = Debug;
		};
		D15309432061CBA90055C576 /* Release */ = {
			isa = XCBuildConfiguration;
			buildSettings = {
				ALWAYS_SEARCH_USER_PATHS = NO;
				CLANG_ANALYZER_NONNULL = YES;
				CLANG_ANALYZER_NUMBER_OBJECT_CONVERSION = YES_AGGRESSIVE;
				CLANG_CXX_LANGUAGE_STANDARD = "gnu++14";
				CLANG_CXX_LIBRARY = "libc++";
				CLANG_ENABLE_MODULES = YES;
				CLANG_ENABLE_OBJC_ARC = YES;
				CLANG_WARN_BLOCK_CAPTURE_AUTORELEASING = YES;
				CLANG_WARN_BOOL_CONVERSION = YES;
				CLANG_WARN_COMMA = YES;
				CLANG_WARN_CONSTANT_CONVERSION = YES;
				CLANG_WARN_DEPRECATED_OBJC_IMPLEMENTATIONS = YES;
				CLANG_WARN_DIRECT_OBJC_ISA_USAGE = YES_ERROR;
				CLANG_WARN_DOCUMENTATION_COMMENTS = YES;
				CLANG_WARN_EMPTY_BODY = YES;
				CLANG_WARN_ENUM_CONVERSION = YES;
				CLANG_WARN_INFINITE_RECURSION = YES;
				CLANG_WARN_INT_CONVERSION = YES;
				CLANG_WARN_NON_LITERAL_NULL_CONVERSION = YES;
				CLANG_WARN_OBJC_IMPLICIT_RETAIN_SELF = YES;
				CLANG_WARN_OBJC_LITERAL_CONVERSION = YES;
				CLANG_WARN_OBJC_ROOT_CLASS = YES_ERROR;
				CLANG_WARN_RANGE_LOOP_ANALYSIS = YES;
				CLANG_WARN_STRICT_PROTOTYPES = YES;
				CLANG_WARN_SUSPICIOUS_MOVE = YES;
				CLANG_WARN_UNGUARDED_AVAILABILITY = YES_AGGRESSIVE;
				CLANG_WARN_UNREACHABLE_CODE = YES;
				CLANG_WARN__DUPLICATE_METHOD_MATCH = YES;
				CODE_SIGN_IDENTITY = "iPhone Developer";
				COPY_PHASE_STRIP = NO;
				DEBUG_INFORMATION_FORMAT = "dwarf-with-dsym";
				ENABLE_NS_ASSERTIONS = NO;
				ENABLE_STRICT_OBJC_MSGSEND = YES;
				GCC_C_LANGUAGE_STANDARD = gnu11;
				GCC_NO_COMMON_BLOCKS = YES;
				GCC_WARN_64_TO_32_BIT_CONVERSION = YES;
				GCC_WARN_ABOUT_RETURN_TYPE = YES_ERROR;
				GCC_WARN_UNDECLARED_SELECTOR = YES;
				GCC_WARN_UNINITIALIZED_AUTOS = YES_AGGRESSIVE;
				GCC_WARN_UNUSED_FUNCTION = YES;
				GCC_WARN_UNUSED_VARIABLE = YES;
				IPHONEOS_DEPLOYMENT_TARGET = 11.2;
				MTL_ENABLE_DEBUG_INFO = NO;
				SDKROOT = iphoneos;
				SWIFT_OPTIMIZATION_LEVEL = "-Owholemodule";
				VALIDATE_PRODUCT = YES;
			};
			name = Release;
		};
		D15309452061CBA90055C576 /* Debug */ = {
			isa = XCBuildConfiguration;
			buildSettings = {
				ASSETCATALOG_COMPILER_APPICON_NAME = AppIcon;
				CODE_SIGN_STYLE = Automatic;
				DEVELOPMENT_TEAM = W7L72F5H99;
				INFOPLIST_FILE = CalcGraphy/Info.plist;
				LD_RUNPATH_SEARCH_PATHS = "$(inherited) @executable_path/Frameworks";
				PRODUCT_BUNDLE_IDENTIFIER = AR.CalcGraphy;
				PRODUCT_NAME = "$(TARGET_NAME)";
				SWIFT_VERSION = 4.0;
				TARGETED_DEVICE_FAMILY = "1,2";
			};
			name = Debug;
		};
		D15309462061CBA90055C576 /* Release */ = {
			isa = XCBuildConfiguration;
			buildSettings = {
				ASSETCATALOG_COMPILER_APPICON_NAME = AppIcon;
				CODE_SIGN_STYLE = Automatic;
				DEVELOPMENT_TEAM = W7L72F5H99;
				INFOPLIST_FILE = CalcGraphy/Info.plist;
				LD_RUNPATH_SEARCH_PATHS = "$(inherited) @executable_path/Frameworks";
				PRODUCT_BUNDLE_IDENTIFIER = AR.CalcGraphy;
				PRODUCT_NAME = "$(TARGET_NAME)";
				SWIFT_VERSION = 4.0;
				TARGETED_DEVICE_FAMILY = "1,2";
			};
			name = Release;
		};
		D15309482061CBA90055C576 /* Debug */ = {
			isa = XCBuildConfiguration;
			buildSettings = {
				ALWAYS_EMBED_SWIFT_STANDARD_LIBRARIES = YES;
				BUNDLE_LOADER = "$(TEST_HOST)";
				CODE_SIGN_STYLE = Automatic;
				DEVELOPMENT_TEAM = W7L72F5H99;
				INFOPLIST_FILE = CalcGraphyTests/Info.plist;
				LD_RUNPATH_SEARCH_PATHS = "$(inherited) @executable_path/Frameworks @loader_path/Frameworks";
				PRODUCT_BUNDLE_IDENTIFIER = AR.CalcGraphyTests;
				PRODUCT_NAME = "$(TARGET_NAME)";
				SWIFT_VERSION = 4.0;
				TARGETED_DEVICE_FAMILY = "1,2";
				TEST_HOST = "$(BUILT_PRODUCTS_DIR)/CalcGraphy.app/CalcGraphy";
			};
			name = Debug;
		};
		D15309492061CBA90055C576 /* Release */ = {
			isa = XCBuildConfiguration;
			buildSettings = {
				ALWAYS_EMBED_SWIFT_STANDARD_LIBRARIES = YES;
				BUNDLE_LOADER = "$(TEST_HOST)";
				CODE_SIGN_STYLE = Automatic;
				DEVELOPMENT_TEAM = W7L72F5H99;
				INFOPLIST_FILE = CalcGraphyTests/Info.plist;
				LD_RUNPATH_SEARCH_PATHS = "$(inherited) @executable_path/Frameworks @loader_path/Frameworks";
				PRODUCT_BUNDLE_IDENTIFIER = AR.CalcGraphyTests;
				PRODUCT_NAME = "$(TARGET_NAME)";
				SWIFT_VERSION = 4.0;
				TARGETED_DEVICE_FAMILY = "1,2";
				TEST_HOST = "$(BUILT_PRODUCTS_DIR)/CalcGraphy.app/CalcGraphy";
			};
			name = Release;
		};
		D153094B2061CBA90055C576 /* Debug */ = {
			isa = XCBuildConfiguration;
			buildSettings = {
				ALWAYS_EMBED_SWIFT_STANDARD_LIBRARIES = YES;
				CODE_SIGN_STYLE = Automatic;
				DEVELOPMENT_TEAM = W7L72F5H99;
				INFOPLIST_FILE = CalcGraphyUITests/Info.plist;
				LD_RUNPATH_SEARCH_PATHS = "$(inherited) @executable_path/Frameworks @loader_path/Frameworks";
				PRODUCT_BUNDLE_IDENTIFIER = AR.CalcGraphyUITests;
				PRODUCT_NAME = "$(TARGET_NAME)";
				SWIFT_VERSION = 4.0;
				TARGETED_DEVICE_FAMILY = "1,2";
				TEST_TARGET_NAME = CalcGraphy;
			};
			name = Debug;
		};
		D153094C2061CBA90055C576 /* Release */ = {
			isa = XCBuildConfiguration;
			buildSettings = {
				ALWAYS_EMBED_SWIFT_STANDARD_LIBRARIES = YES;
				CODE_SIGN_STYLE = Automatic;
				DEVELOPMENT_TEAM = W7L72F5H99;
				INFOPLIST_FILE = CalcGraphyUITests/Info.plist;
				LD_RUNPATH_SEARCH_PATHS = "$(inherited) @executable_path/Frameworks @loader_path/Frameworks";
				PRODUCT_BUNDLE_IDENTIFIER = AR.CalcGraphyUITests;
				PRODUCT_NAME = "$(TARGET_NAME)";
				SWIFT_VERSION = 4.0;
				TARGETED_DEVICE_FAMILY = "1,2";
				TEST_TARGET_NAME = CalcGraphy;
			};
			name = Release;
		};
/* End XCBuildConfiguration section */

/* Begin XCConfigurationList section */
		D15309172061CBA90055C576 /* Build configuration list for PBXProject "CalcGraphy" */ = {
			isa = XCConfigurationList;
			buildConfigurations = (
				D15309422061CBA90055C576 /* Debug */,
				D15309432061CBA90055C576 /* Release */,
			);
			defaultConfigurationIsVisible = 0;
			defaultConfigurationName = Release;
		};
		D15309442061CBA90055C576 /* Build configuration list for PBXNativeTarget "CalcGraphy" */ = {
			isa = XCConfigurationList;
			buildConfigurations = (
				D15309452061CBA90055C576 /* Debug */,
				D15309462061CBA90055C576 /* Release */,
			);
			defaultConfigurationIsVisible = 0;
			defaultConfigurationName = Release;
		};
		D15309472061CBA90055C576 /* Build configuration list for PBXNativeTarget "CalcGraphyTests" */ = {
			isa = XCConfigurationList;
			buildConfigurations = (
				D15309482061CBA90055C576 /* Debug */,
				D15309492061CBA90055C576 /* Release */,
			);
			defaultConfigurationIsVisible = 0;
			defaultConfigurationName = Release;
		};
		D153094A2061CBA90055C576 /* Build configuration list for PBXNativeTarget "CalcGraphyUITests" */ = {
			isa = XCConfigurationList;
			buildConfigurations = (
				D153094B2061CBA90055C576 /* Debug */,
				D153094C2061CBA90055C576 /* Release */,
			);
			defaultConfigurationIsVisible = 0;
			defaultConfigurationName = Release;
		};
/* End XCConfigurationList section */
	};
	rootObject = D15309142061CBA90055C576 /* Project object */;
}
